
Microsoft Visual Studio Solution File, Format Version 12.00
# Visual Studio Version 16
VisualStudioVersion = 16.0.31624.102
MinimumVisualStudioVersion = 10.0.40219.1
Project("{FAE04EC0-301F-11D3-BF4B-00C04F79EFBC}") = "MiniGame", "MiniGame\MiniGame.csproj", "{5AF8A3BA-2F04-4D0F-A317-11D2D1FB849F}"
EndProject
Global
	GlobalSection(SolutionConfigurationPlatforms) = preSolution
		Debug|Any CPU = Debug|Any CPU
		Release|Any CPU = Release|Any CPU
	EndGlobalSection
	GlobalSection(ProjectConfigurationPlatforms) = postSolution
		{5AF8A3BA-2F04-4D0F-A317-11D2D1FB849F}.Debug|Any CPU.ActiveCfg = Debug|Any CPU
		{5AF8A3BA-2F04-4D0F-A317-11D2D1FB849F}.Debug|Any CPU.Build.0 = Debug|Any CPU
		{5AF8A3BA-2F04-4D0F-A317-11D2D1FB849F}.Release|Any CPU.ActiveCfg = Release|Any CPU
		{5AF8A3BA-2F04-4D0F-A317-11D2D1FB849F}.Release|Any CPU.Build.0 = Release|Any CPU
	EndGlobalSection
	GlobalSection(SolutionProperties) = preSolution
		HideSolutionNode = FALSE
	EndGlobalSection
	GlobalSection(ExtensibilityGlobals) = postSolution
		SolutionGuid = {D67FB247-B09E-4479-AFF2-2E648FF05DED}
	EndGlobalSection
EndGlobal
